
Microsoft Visual Studio Solution File, Format Version 12.00
# Visual Studio Version 17
VisualStudioVersion = 17.3.32825.248
MinimumVisualStudioVersion = 10.0.40219.1
Project("{FAE04EC0-301F-11D3-BF4B-00C04F79EFBC}") = "UnitTests", "UnitTests.csproj", "{92F26EF1-E079-4E28-8078-971ED58593B1}"
EndProject
Global
	GlobalSection(SolutionConfigurationPlatforms) = preSolution
		Debug|Any CPU = Debug|Any CPU
		Release|Any CPU = Release|Any CPU
	EndGlobalSection
	GlobalSection(ProjectConfigurationPlatforms) = postSolution
		{92F26EF1-E079-4E28-8078-971ED58593B1}.Debug|Any CPU.ActiveCfg = Debug|Any CPU
		{92F26EF1-E079-4E28-8078-971ED58593B1}.Debug|Any CPU.Build.0 = Debug|Any CPU
		{92F26EF1-E079-4E28-8078-971ED58593B1}.Release|Any CPU.ActiveCfg = Release|Any CPU
		{92F26EF1-E079-4E28-8078-971ED58593B1}.Release|Any CPU.Build.0 = Release|Any CPU
	EndGlobalSection
	GlobalSection(SolutionProperties) = preSolution
		HideSolutionNode = FALSE
	EndGlobalSection
	GlobalSection(ExtensibilityGlobals) = postSolution
		SolutionGuid = {CDAAC40B-5E21-44AF-A0B0-B2513F4952B9}
	EndGlobalSection
EndGlobal
